
Microsoft Visual Studio Solution File, Format Version 12.00
# Visual Studio Version 16
VisualStudioVersion = 16.0.29009.5
MinimumVisualStudioVersion = 10.0.40219.1
Project("{2150E333-8FDC-42A3-9474-1A3956D46DE8}") = "00. Miscelanous", "00. Miscelanous", "{B836244B-4DB6-45B8-854A-A7F2D40D5B6F}"
	ProjectSection(SolutionItems) = preProject
		..\..\README.md = ..\..\README.md
	EndProjectSection
EndProject
Project("{2150E333-8FDC-42A3-9474-1A3956D46DE8}") = "01. Entity", "01. Entity", "{E8CFB233-D7A3-4CD7-B39A-226DA356E55A}"
EndProject
Project("{2150E333-8FDC-42A3-9474-1A3956D46DE8}") = "02. Data", "02. Data", "{54041E5B-5E6C-4452-8360-D5B885603A33}"
EndProject
Project("{2150E333-8FDC-42A3-9474-1A3956D46DE8}") = "03. DTO", "03. DTO", "{E64946FC-A307-4FFF-8B84-4BF4E897C3E7}"
EndProject
Project("{9A19103F-16F7-4668-BE54-9A1E7A4F7556}") = "Entity", "Entity\Entity.csproj", "{3A9198B4-1565-4FD5-859C-C6F500D449C5}"
EndProject
Project("{9A19103F-16F7-4668-BE54-9A1E7A4F7556}") = "Data", "Data\Data.csproj", "{2D24A85F-E581-47AE-AFBC-9EF1C7A57EC9}"
EndProject
Project("{2150E333-8FDC-42A3-9474-1A3956D46DE8}") = "04. API", "04. API", "{A1EA2DF8-6B2D-4C59-8258-D93EC5BC52DF}"
EndProject
Project("{2150E333-8FDC-42A3-9474-1A3956D46DE8}") = "05. Test", "05. Test", "{9A538F81-DE84-4FD2-B58B-BB224E898E2E}"
EndProject
Project("{9A19103F-16F7-4668-BE54-9A1E7A4F7556}") = "Dto", "Dto\Dto.csproj", "{9AF5129E-7828-44CC-90FD-35414EAA2F86}"
EndProject
Project("{9A19103F-16F7-4668-BE54-9A1E7A4F7556}") = "Routing.Api", "Routing.Api\Routing.Api.csproj", "{660DBB82-CF73-4CE6-B27C-9CF48F50BF71}"
EndProject
Project("{FAE04EC0-301F-11D3-BF4B-00C04F79EFBC}") = "Testing", "Testing\Testing.csproj", "{16C1014A-7302-4369-96F2-D60F999CF18F}"
EndProject
Global
	GlobalSection(SolutionConfigurationPlatforms) = preSolution
		Debug|Any CPU = Debug|Any CPU
		Release|Any CPU = Release|Any CPU
	EndGlobalSection
	GlobalSection(ProjectConfigurationPlatforms) = postSolution
		{3A9198B4-1565-4FD5-859C-C6F500D449C5}.Debug|Any CPU.ActiveCfg = Debug|Any CPU
		{3A9198B4-1565-4FD5-859C-C6F500D449C5}.Debug|Any CPU.Build.0 = Debug|Any CPU
		{3A9198B4-1565-4FD5-859C-C6F500D449C5}.Release|Any CPU.ActiveCfg = Release|Any CPU
		{3A9198B4-1565-4FD5-859C-C6F500D449C5}.Release|Any CPU.Build.0 = Release|Any CPU
		{2D24A85F-E581-47AE-AFBC-9EF1C7A57EC9}.Debug|Any CPU.ActiveCfg = Debug|Any CPU
		{2D24A85F-E581-47AE-AFBC-9EF1C7A57EC9}.Debug|Any CPU.Build.0 = Debug|Any CPU
		{2D24A85F-E581-47AE-AFBC-9EF1C7A57EC9}.Release|Any CPU.ActiveCfg = Release|Any CPU
		{2D24A85F-E581-47AE-AFBC-9EF1C7A57EC9}.Release|Any CPU.Build.0 = Release|Any CPU
		{9AF5129E-7828-44CC-90FD-35414EAA2F86}.Debug|Any CPU.ActiveCfg = Debug|Any CPU
		{9AF5129E-7828-44CC-90FD-35414EAA2F86}.Debug|Any CPU.Build.0 = Debug|Any CPU
		{9AF5129E-7828-44CC-90FD-35414EAA2F86}.Release|Any CPU.ActiveCfg = Release|Any CPU
		{9AF5129E-7828-44CC-90FD-35414EAA2F86}.Release|Any CPU.Build.0 = Release|Any CPU
		{660DBB82-CF73-4CE6-B27C-9CF48F50BF71}.Debug|Any CPU.ActiveCfg = Debug|Any CPU
		{660DBB82-CF73-4CE6-B27C-9CF48F50BF71}.Debug|Any CPU.Build.0 = Debug|Any CPU
		{660DBB82-CF73-4CE6-B27C-9CF48F50BF71}.Release|Any CPU.ActiveCfg = Release|Any CPU
		{660DBB82-CF73-4CE6-B27C-9CF48F50BF71}.Release|Any CPU.Build.0 = Release|Any CPU
		{16C1014A-7302-4369-96F2-D60F999CF18F}.Debug|Any CPU.ActiveCfg = Debug|Any CPU
		{16C1014A-7302-4369-96F2-D60F999CF18F}.Debug|Any CPU.Build.0 = Debug|Any CPU
		{16C1014A-7302-4369-96F2-D60F999CF18F}.Release|Any CPU.ActiveCfg = Release|Any CPU
		{16C1014A-7302-4369-96F2-D60F999CF18F}.Release|Any CPU.Build.0 = Release|Any CPU
	EndGlobalSection
	GlobalSection(SolutionProperties) = preSolution
		HideSolutionNode = FALSE
	EndGlobalSection
	GlobalSection(NestedProjects) = preSolution
		{3A9198B4-1565-4FD5-859C-C6F500D449C5} = {E8CFB233-D7A3-4CD7-B39A-226DA356E55A}
		{2D24A85F-E581-47AE-AFBC-9EF1C7A57EC9} = {54041E5B-5E6C-4452-8360-D5B885603A33}
		{9AF5129E-7828-44CC-90FD-35414EAA2F86} = {E64946FC-A307-4FFF-8B84-4BF4E897C3E7}
		{660DBB82-CF73-4CE6-B27C-9CF48F50BF71} = {A1EA2DF8-6B2D-4C59-8258-D93EC5BC52DF}
		{16C1014A-7302-4369-96F2-D60F999CF18F} = {9A538F81-DE84-4FD2-B58B-BB224E898E2E}
	EndGlobalSection
	GlobalSection(ExtensibilityGlobals) = postSolution
		SolutionGuid = {2D51C92D-87DA-484A-B6DE-1D118C9CA3D2}
	EndGlobalSection
EndGlobal
